
Microsoft Visual Studio Solution File, Format Version 12.00
# Visual Studio Version 16
VisualStudioVersion = 16.0.31829.152
MinimumVisualStudioVersion = 10.0.40219.1
Project("{FAE04EC0-301F-11D3-BF4B-00C04F79EFBC}") = "3.Feladat", "M5APWK\3.Feladat.csproj", "{BAB986F6-702B-42BC-97DE-496650158FB6}"
EndProject
Project("{FAE04EC0-301F-11D3-BF4B-00C04F79EFBC}") = "1.Feladat", "1.Feladat\1.Feladat.csproj", "{3786372D-DED0-4795-9C19-D29B0ADCD74B}"
EndProject
Project("{FAE04EC0-301F-11D3-BF4B-00C04F79EFBC}") = "2.feladat", "2.feladat\2.feladat.csproj", "{CDD55C9B-0378-471C-B36E-273BC9BA513B}"
EndProject
Global
	GlobalSection(SolutionConfigurationPlatforms) = preSolution
		Debug|Any CPU = Debug|Any CPU
		Release|Any CPU = Release|Any CPU
	EndGlobalSection
	GlobalSection(ProjectConfigurationPlatforms) = postSolution
		{BAB986F6-702B-42BC-97DE-496650158FB6}.Debug|Any CPU.ActiveCfg = Debug|Any CPU
		{BAB986F6-702B-42BC-97DE-496650158FB6}.Debug|Any CPU.Build.0 = Debug|Any CPU
		{BAB986F6-702B-42BC-97DE-496650158FB6}.Release|Any CPU.ActiveCfg = Release|Any CPU
		{BAB986F6-702B-42BC-97DE-496650158FB6}.Release|Any CPU.Build.0 = Release|Any CPU
		{3786372D-DED0-4795-9C19-D29B0ADCD74B}.Debug|Any CPU.ActiveCfg = Debug|Any CPU
		{3786372D-DED0-4795-9C19-D29B0ADCD74B}.Debug|Any CPU.Build.0 = Debug|Any CPU
		{3786372D-DED0-4795-9C19-D29B0ADCD74B}.Release|Any CPU.ActiveCfg = Release|Any CPU
		{3786372D-DED0-4795-9C19-D29B0ADCD74B}.Release|Any CPU.Build.0 = Release|Any CPU
		{CDD55C9B-0378-471C-B36E-273BC9BA513B}.Debug|Any CPU.ActiveCfg = Debug|Any CPU
		{CDD55C9B-0378-471C-B36E-273BC9BA513B}.Debug|Any CPU.Build.0 = Debug|Any CPU
		{CDD55C9B-0378-471C-B36E-273BC9BA513B}.Release|Any CPU.ActiveCfg = Release|Any CPU
		{CDD55C9B-0378-471C-B36E-273BC9BA513B}.Release|Any CPU.Build.0 = Release|Any CPU
	EndGlobalSection
	GlobalSection(SolutionProperties) = preSolution
		HideSolutionNode = FALSE
	EndGlobalSection
	GlobalSection(ExtensibilityGlobals) = postSolution
		SolutionGuid = {D01CC2B9-1E33-47DE-8047-B842DD13EBEE}
	EndGlobalSection
EndGlobal
